PODS:
  - RectangleScanner (1.0.3)

DEPENDENCIES:
  - RectangleScanner (from `../`)

EXTERNAL SOURCES:
  RectangleScanner:
    :path: "../"

SPEC CHECKSUMS:
  RectangleScanner: b2abaf2697fdbb82bdf7af28fc52529f0ea7bbf0

PODFILE CHECKSUM: 87dcc33f67be11c91fa564a03d92f8e6faa64c9d

COCOAPODS: 1.6.0.beta.2
