PODS:
  - RectangleScanner (1.0.0-beta3)

DEPENDENCIES:
  - RectangleScanner (from `../`)

EXTERNAL SOURCES:
  RectangleScanner:
    :path: "../"

SPEC CHECKSUMS:
  RectangleScanner: 8ac0d571261a834f28d9f82c710ef42ca5fa0612

PODFILE CHECKSUM: 87dcc33f67be11c91fa564a03d92f8e6faa64c9d

COCOAPODS: 1.5.0
